
Microsoft Visual Studio Solution File, Format Version 12.00
# Visual Studio 2012
# SharpDevelop 4.4
VisualStudioVersion = 17.11.35327.3
MinimumVisualStudioVersion = 10.0.40219.1
Project("{FAE04EC0-301F-11D3-BF4B-00C04F79EFBC}") = "QuizProvãoPaulista", "QuizProvãoPaulista\QuizProvãoPaulista.csproj", "{DA3DAC58-3458-4D1E-876E-AAD53C5CF43D}"
EndProject
Global
	GlobalSection(SolutionConfigurationPlatforms) = preSolution
		Debug|Any CPU = Debug|Any CPU
		Release|Any CPU = Release|Any CPU
	EndGlobalSection
	GlobalSection(ProjectConfigurationPlatforms) = postSolution
		{DA3DAC58-3458-4D1E-876E-AAD53C5CF43D}.Debug|Any CPU.ActiveCfg = Debug|Any CPU
		{DA3DAC58-3458-4D1E-876E-AAD53C5CF43D}.Debug|Any CPU.Build.0 = Debug|Any CPU
		{DA3DAC58-3458-4D1E-876E-AAD53C5CF43D}.Release|Any CPU.ActiveCfg = Release|Any CPU
		{DA3DAC58-3458-4D1E-876E-AAD53C5CF43D}.Release|Any CPU.Build.0 = Release|Any CPU
	EndGlobalSection
	GlobalSection(SolutionProperties) = preSolution
		HideSolutionNode = FALSE
	EndGlobalSection
	GlobalSection(ExtensibilityGlobals) = postSolution
		SolutionGuid = {59051F4A-3CE4-4369-8598-9397F75D552B}
	EndGlobalSection
EndGlobal
